
Microsoft Visual Studio Solution File, Format Version 12.00
# Visual Studio Version 16
VisualStudioVersion = 16.0.31025.194
MinimumVisualStudioVersion = 10.0.40219.1
Project("{FAE04EC0-301F-11D3-BF4B-00C04F79EFBC}") = "ConsultAddress", "ConsultAddress\ConsultAddress.csproj", "{E67DCAA6-298B-4C26-90B8-2B6433B64FDD}"
EndProject
Global
	GlobalSection(SolutionConfigurationPlatforms) = preSolution
		Debug|Any CPU = Debug|Any CPU
		Release|Any CPU = Release|Any CPU
	EndGlobalSection
	GlobalSection(ProjectConfigurationPlatforms) = postSolution
		{E67DCAA6-298B-4C26-90B8-2B6433B64FDD}.Debug|Any CPU.ActiveCfg = Debug|Any CPU
		{E67DCAA6-298B-4C26-90B8-2B6433B64FDD}.Debug|Any CPU.Build.0 = Debug|Any CPU
		{E67DCAA6-298B-4C26-90B8-2B6433B64FDD}.Release|Any CPU.ActiveCfg = Release|Any CPU
		{E67DCAA6-298B-4C26-90B8-2B6433B64FDD}.Release|Any CPU.Build.0 = Release|Any CPU
	EndGlobalSection
	GlobalSection(SolutionProperties) = preSolution
		HideSolutionNode = FALSE
	EndGlobalSection
	GlobalSection(ExtensibilityGlobals) = postSolution
		SolutionGuid = {9F6D06E8-53BA-4DA4-BAFD-2B8CC29F4929}
	EndGlobalSection
EndGlobal
